{
  "nodes": {
    "nixpkgs": {
      "locked": {
        "lastModified": 1610340740,
        "narHash": "sha256-TT2r/p9c4BazAogXOUgY8SPPzn7JaktL8AmzVy60HZM=",
        "owner": "NixOS",
        "repo": "nixpkgs",
        "rev": "a67cfc0cdc10f218f2b9e0b153d1c31d5e96dded",
        "type": "github"
      },
      "original": {
        "id": "nixpkgs",
        "type": "indirect"
      }
    },
    "root": {
      "inputs": {
        "nixpkgs": "nixpkgs"
      }
    }
  },
  "root": "root",
  "version": 7
}
